<?xml version="1.0" encoding="utf-8"?>
<Project ToolsVersion="4.0" xmlns="http://schemas.microsoft.com/developer/msbuild/2003">
  <ItemGroup>
    <Filter Include="Source Files">
      <UniqueIdentifier>{b000fea4-31a2-4cac-af76-4189d34f0e07}</UniqueIdentifier>
      <Extensions>cpp;c;cxx;rc;def;r;odl;idl;hpj;bat</Extensions>
    </Filter>
    <Filter Include="Header Files">
      <UniqueIdentifier>{9667d3de-8481-4711-b5a7-5a8cd50f2fab}</UniqueIdentifier>
      <Extensions>h;hpp;hxx;hm;inl</Extensions>
    </Filter>
    <Filter Include="Resource Files">
      <UniqueIdentifier>{f8ce6c5e-1bc0-4608-b189-c4698aac58af}</UniqueIdentifier>
      <Extensions>ico;cur;bmp;dlg;rc2;rct;bin;rgs;gif;jpg;jpeg;jpe</Extensions>
    </Filter>
  </ItemGroup>
  <ItemGroup>
    <ClCompile Include="..\CustomTabCtrl.cpp">
      <Filter>Source Files</Filter>
    </ClCompile>
    <ClCompile Include="CustomTabCtrlDemoSDI.cpp">
      <Filter>Source Files</Filter>
    </ClCompile>
    <ClCompile Include="CustomTabCtrlDemoSDIDoc.cpp">
      <Filter>Source Files</Filter>
    </ClCompile>
    <ClCompile Include="CustomTabCtrlDemoSDIView.cpp">
      <Filter>Source Files</Filter>
    </ClCompile>
    <ClCompile Include="DlgProperties.cpp">
      <Filter>Source Files</Filter>
    </ClCompile>
    <ClCompile Include="MainFrm.cpp">
      <Filter>Source Files</Filter>
    </ClCompile>
    <ClCompile Include="StdAfx.cpp">
      <Filter>Source Files</Filter>
    </ClCompile>
    <ClCompile Include="..\TabSDIFrameWnd .cpp">
      <Filter>Source Files</Filter>
    </ClCompile>
    <ClCompile Include="..\ThemeUtil.cpp">
      <Filter>Source Files</Filter>
    </ClCompile>
  </ItemGroup>
  <ItemGroup>
    <ResourceCompile Include="CustomTabCtrlDemoSDI.rc">
      <Filter>Source Files</Filter>
    </ResourceCompile>
  </ItemGroup>
  <ItemGroup>
    <ClInclude Include="..\CustomTabCtrl.h">
      <Filter>Header Files</Filter>
    </ClInclude>
    <ClInclude Include="CustomTabCtrlDemoSDI.h">
      <Filter>Header Files</Filter>
    </ClInclude>
    <ClInclude Include="CustomTabCtrlDemoSDIDoc.h">
      <Filter>Header Files</Filter>
    </ClInclude>
    <ClInclude Include="CustomTabCtrlDemoSDIView.h">
      <Filter>Header Files</Filter>
    </ClInclude>
    <ClInclude Include="DlgProperties.h">
      <Filter>Header Files</Filter>
    </ClInclude>
    <ClInclude Include="MainFrm.h">
      <Filter>Header Files</Filter>
    </ClInclude>
    <ClInclude Include="Resource.h">
      <Filter>Header Files</Filter>
    </ClInclude>
    <ClInclude Include="StdAfx.h">
      <Filter>Header Files</Filter>
    </ClInclude>
    <ClInclude Include="..\TabSDIFrameWnd.h">
      <Filter>Header Files</Filter>
    </ClInclude>
    <ClInclude Include="..\ThemeUtil.h">
      <Filter>Header Files</Filter>
    </ClInclude>
  </ItemGroup>
  <ItemGroup>
    <Image Include="res\CustomTabCtrlDemoSDI.ico">
      <Filter>Resource Files</Filter>
    </Image>
    <Image Include="res\CustomTabCtrlDemoSDIDoc.ico">
      <Filter>Resource Files</Filter>
    </Image>
    <Image Include="res\Toolbar.bmp">
      <Filter>Resource Files</Filter>
    </Image>
  </ItemGroup>
  <ItemGroup>
    <Text Include="ReadMe.txt" />
  </ItemGroup>
  <ItemGroup>
    <CustomBuild Include="res\CustomTabCtrlDemoSDI.rc2">
      <Filter>Resource Files</Filter>
    </CustomBuild>
    <CustomBuild Include="res\DRAGMOVE.CUR">
      <Filter>Resource Files</Filter>
    </CustomBuild>
  </ItemGroup>
</Project>