
Microsoft Visual Studio Solution File, Format Version 12.00
# Visual Studio 2012
Project("{8BC9CEB8-8B4A-11D0-8D11-00A0C91BC942}") = "RussianUI", "RussianUI\RussianUI.vcxproj", "{44E4009E-CC86-4E28-8CC0-71760037B1B0}"
EndProject
Project("{8BC9CEB8-8B4A-11D0-8D11-00A0C91BC942}") = "LanguageManager", "Language\LanguageManager\LanguageManager.vcxproj", "{DA402EE6-F8B6-48FA-9D02-EDE59666EDFD}"
EndProject
Project("{8BC9CEB8-8B4A-11D0-8D11-00A0C91BC942}") = "en_US", "Language\LanguagePackage\en_US\en_US.vcxproj", "{3252F7A5-2703-48B6-90EF-8FEE7ACD09D1}"
EndProject
Project("{8BC9CEB8-8B4A-11D0-8D11-00A0C91BC942}") = "ru_RU", "Language\LanguagePackage\ru_RU\ru_RU.vcxproj", "{F70410F1-3ACB-4E6A-9666-D154C8E9FF87}"
EndProject
Global
	GlobalSection(SolutionConfigurationPlatforms) = preSolution
		Debug|Win32 = Debug|Win32
		Release|Win32 = Release|Win32
		Template|Win32 = Template|Win32
	EndGlobalSection
	GlobalSection(ProjectConfigurationPlatforms) = postSolution
		{44E4009E-CC86-4E28-8CC0-71760037B1B0}.Debug|Win32.ActiveCfg = Debug|Win32
		{44E4009E-CC86-4E28-8CC0-71760037B1B0}.Debug|Win32.Build.0 = Debug|Win32
		{44E4009E-CC86-4E28-8CC0-71760037B1B0}.Release|Win32.ActiveCfg = Release|Win32
		{44E4009E-CC86-4E28-8CC0-71760037B1B0}.Release|Win32.Build.0 = Release|Win32
		{44E4009E-CC86-4E28-8CC0-71760037B1B0}.Template|Win32.ActiveCfg = Release|Win32
		{44E4009E-CC86-4E28-8CC0-71760037B1B0}.Template|Win32.Build.0 = Release|Win32
		{DA402EE6-F8B6-48FA-9D02-EDE59666EDFD}.Debug|Win32.ActiveCfg = Debug|Win32
		{DA402EE6-F8B6-48FA-9D02-EDE59666EDFD}.Debug|Win32.Build.0 = Debug|Win32
		{DA402EE6-F8B6-48FA-9D02-EDE59666EDFD}.Release|Win32.ActiveCfg = Release|Win32
		{DA402EE6-F8B6-48FA-9D02-EDE59666EDFD}.Release|Win32.Build.0 = Release|Win32
		{DA402EE6-F8B6-48FA-9D02-EDE59666EDFD}.Template|Win32.ActiveCfg = Release|Win32
		{DA402EE6-F8B6-48FA-9D02-EDE59666EDFD}.Template|Win32.Build.0 = Release|Win32
		{3252F7A5-2703-48B6-90EF-8FEE7ACD09D1}.Debug|Win32.ActiveCfg = Debug|Win32
		{3252F7A5-2703-48B6-90EF-8FEE7ACD09D1}.Debug|Win32.Build.0 = Debug|Win32
		{3252F7A5-2703-48B6-90EF-8FEE7ACD09D1}.Release|Win32.ActiveCfg = Release|Win32
		{3252F7A5-2703-48B6-90EF-8FEE7ACD09D1}.Release|Win32.Build.0 = Release|Win32
		{3252F7A5-2703-48B6-90EF-8FEE7ACD09D1}.Template|Win32.ActiveCfg = Template|Win32
		{3252F7A5-2703-48B6-90EF-8FEE7ACD09D1}.Template|Win32.Build.0 = Template|Win32
		{F70410F1-3ACB-4E6A-9666-D154C8E9FF87}.Debug|Win32.ActiveCfg = Debug|Win32
		{F70410F1-3ACB-4E6A-9666-D154C8E9FF87}.Debug|Win32.Build.0 = Debug|Win32
		{F70410F1-3ACB-4E6A-9666-D154C8E9FF87}.Release|Win32.ActiveCfg = Release|Win32
		{F70410F1-3ACB-4E6A-9666-D154C8E9FF87}.Release|Win32.Build.0 = Release|Win32
		{F70410F1-3ACB-4E6A-9666-D154C8E9FF87}.Template|Win32.ActiveCfg = Template|Win32
		{F70410F1-3ACB-4E6A-9666-D154C8E9FF87}.Template|Win32.Build.0 = Template|Win32
	EndGlobalSection
	GlobalSection(SolutionProperties) = preSolution
		HideSolutionNode = FALSE
	EndGlobalSection
EndGlobal
