
Microsoft Visual Studio Solution File, Format Version 12.00
# Visual Studio 2012
Project("{8BC9CEB8-8B4A-11D0-8D11-00A0C91BC942}") = "CustomTabCtrlDemoDlg", "CustomTabCtrlDemoDlg\CustomTabCtrlDemoDlg.vcxproj", "{806B56B2-8CC5-4530-996B-BAA4E3A1A0B1}"
EndProject
Project("{8BC9CEB8-8B4A-11D0-8D11-00A0C91BC942}") = "CustomTabCtrlDlg", "CustomTabCtrlDlg\CustomTabCtrlDlg.vcxproj", "{E8172F2B-D8AC-4C47-B4C9-0A6FDD55F6D2}"
EndProject
Global
	GlobalSection(SolutionConfigurationPlatforms) = preSolution
		Debug|Win32 = Debug|Win32
		Release|Win32 = Release|Win32
		Template|Win32 = Template|Win32
	EndGlobalSection
	GlobalSection(ProjectConfigurationPlatforms) = postSolution
		{806B56B2-8CC5-4530-996B-BAA4E3A1A0B1}.Debug|Win32.ActiveCfg = Debug|Win32
		{806B56B2-8CC5-4530-996B-BAA4E3A1A0B1}.Debug|Win32.Build.0 = Debug|Win32
		{806B56B2-8CC5-4530-996B-BAA4E3A1A0B1}.Release|Win32.ActiveCfg = Release|Win32
		{806B56B2-8CC5-4530-996B-BAA4E3A1A0B1}.Release|Win32.Build.0 = Release|Win32
		{806B56B2-8CC5-4530-996B-BAA4E3A1A0B1}.Template|Win32.ActiveCfg = Release|Win32
		{806B56B2-8CC5-4530-996B-BAA4E3A1A0B1}.Template|Win32.Build.0 = Release|Win32
		{E8172F2B-D8AC-4C47-B4C9-0A6FDD55F6D2}.Debug|Win32.ActiveCfg = Debug|Win32
		{E8172F2B-D8AC-4C47-B4C9-0A6FDD55F6D2}.Debug|Win32.Build.0 = Debug|Win32
		{E8172F2B-D8AC-4C47-B4C9-0A6FDD55F6D2}.Release|Win32.ActiveCfg = Release|Win32
		{E8172F2B-D8AC-4C47-B4C9-0A6FDD55F6D2}.Release|Win32.Build.0 = Release|Win32
		{E8172F2B-D8AC-4C47-B4C9-0A6FDD55F6D2}.Template|Win32.ActiveCfg = Release|Win32
		{E8172F2B-D8AC-4C47-B4C9-0A6FDD55F6D2}.Template|Win32.Build.0 = Release|Win32
	EndGlobalSection
	GlobalSection(SolutionProperties) = preSolution
		HideSolutionNode = FALSE
	EndGlobalSection
EndGlobal
