
Microsoft Visual Studio Solution File, Format Version 12.00
# Visual Studio 2012
Project("{8BC9CEB8-8B4A-11D0-8D11-00A0C91BC942}") = "CustomTabCtrlDemoDlg", "CustomTabCtrlDemoDlg\CustomTabCtrlDemoDlg.vcxproj", "{806B56B2-8CC5-4530-996B-BAA4E3A1A0B1}"
EndProject
Project("{8BC9CEB8-8B4A-11D0-8D11-00A0C91BC942}") = "CustomTabCtrlDlg", "CustomTabCtrlDlg\CustomTabCtrlDlg.vcxproj", "{E8172F2B-D8AC-4C47-B4C9-0A6FDD55F6D2}"
EndProject
Project("{8BC9CEB8-8B4A-11D0-8D11-00A0C91BC942}") = "CustomTabCtrlDlgTop", "CustomTabCtrlDlgTop\CustomTabCtrlDlgTop.vcxproj", "{F695F354-4C1B-4890-9738-68873575154D}"
EndProject
Project("{8BC9CEB8-8B4A-11D0-8D11-00A0C91BC942}") = "CustomTabCtrlDlgLeft", "CustomTabCtrlDlgLeft\CustomTabCtrlDlgLeft.vcxproj", "{0E3144CE-85F9-49F7-B626-319D6E32A3E5}"
EndProject
Project("{8BC9CEB8-8B4A-11D0-8D11-00A0C91BC942}") = "CustomTabCtrlDlgBottom", "CustomTabCtrlDlgBottom\CustomTabCtrlDlgBottom.vcxproj", "{1CCF9627-6AF2-48EB-AF44-C0FB51E45F2E}"
EndProject
Project("{8BC9CEB8-8B4A-11D0-8D11-00A0C91BC942}") = "CustomTabCtrlDlgSubWnd", "CustomTabCtrlSubWnd\CustomTabCtrlDlgSubWnd.vcxproj", "{7F848247-0B50-4112-B94D-DAAD071303B5}"
EndProject
Project("{8BC9CEB8-8B4A-11D0-8D11-00A0C91BC942}") = "CustomTabCtrlDlgDynamicCreate", "CustomTabCtrlDynamicCreate\CustomTabCtrlDlgDynamicCreate.vcxproj", "{1ED49249-E059-4E50-972C-88B23362C06C}"
EndProject
Global
	GlobalSection(SolutionConfigurationPlatforms) = preSolution
		Debug|Win32 = Debug|Win32
		Release|Win32 = Release|Win32
		Template|Win32 = Template|Win32
	EndGlobalSection
	GlobalSection(ProjectConfigurationPlatforms) = postSolution
		{806B56B2-8CC5-4530-996B-BAA4E3A1A0B1}.Debug|Win32.ActiveCfg = Debug|Win32
		{806B56B2-8CC5-4530-996B-BAA4E3A1A0B1}.Debug|Win32.Build.0 = Debug|Win32
		{806B56B2-8CC5-4530-996B-BAA4E3A1A0B1}.Release|Win32.ActiveCfg = Release|Win32
		{806B56B2-8CC5-4530-996B-BAA4E3A1A0B1}.Release|Win32.Build.0 = Release|Win32
		{806B56B2-8CC5-4530-996B-BAA4E3A1A0B1}.Template|Win32.ActiveCfg = Release|Win32
		{806B56B2-8CC5-4530-996B-BAA4E3A1A0B1}.Template|Win32.Build.0 = Release|Win32
		{E8172F2B-D8AC-4C47-B4C9-0A6FDD55F6D2}.Debug|Win32.ActiveCfg = Debug|Win32
		{E8172F2B-D8AC-4C47-B4C9-0A6FDD55F6D2}.Debug|Win32.Build.0 = Debug|Win32
		{E8172F2B-D8AC-4C47-B4C9-0A6FDD55F6D2}.Release|Win32.ActiveCfg = Release|Win32
		{E8172F2B-D8AC-4C47-B4C9-0A6FDD55F6D2}.Release|Win32.Build.0 = Release|Win32
		{E8172F2B-D8AC-4C47-B4C9-0A6FDD55F6D2}.Template|Win32.ActiveCfg = Release|Win32
		{E8172F2B-D8AC-4C47-B4C9-0A6FDD55F6D2}.Template|Win32.Build.0 = Release|Win32
		{F695F354-4C1B-4890-9738-68873575154D}.Debug|Win32.ActiveCfg = Debug|Win32
		{F695F354-4C1B-4890-9738-68873575154D}.Debug|Win32.Build.0 = Debug|Win32
		{F695F354-4C1B-4890-9738-68873575154D}.Release|Win32.ActiveCfg = Release|Win32
		{F695F354-4C1B-4890-9738-68873575154D}.Release|Win32.Build.0 = Release|Win32
		{F695F354-4C1B-4890-9738-68873575154D}.Template|Win32.ActiveCfg = Release|Win32
		{F695F354-4C1B-4890-9738-68873575154D}.Template|Win32.Build.0 = Release|Win32
		{0E3144CE-85F9-49F7-B626-319D6E32A3E5}.Debug|Win32.ActiveCfg = Debug|Win32
		{0E3144CE-85F9-49F7-B626-319D6E32A3E5}.Debug|Win32.Build.0 = Debug|Win32
		{0E3144CE-85F9-49F7-B626-319D6E32A3E5}.Release|Win32.ActiveCfg = Release|Win32
		{0E3144CE-85F9-49F7-B626-319D6E32A3E5}.Release|Win32.Build.0 = Release|Win32
		{0E3144CE-85F9-49F7-B626-319D6E32A3E5}.Template|Win32.ActiveCfg = Release|Win32
		{0E3144CE-85F9-49F7-B626-319D6E32A3E5}.Template|Win32.Build.0 = Release|Win32
		{1CCF9627-6AF2-48EB-AF44-C0FB51E45F2E}.Debug|Win32.ActiveCfg = Debug|Win32
		{1CCF9627-6AF2-48EB-AF44-C0FB51E45F2E}.Debug|Win32.Build.0 = Debug|Win32
		{1CCF9627-6AF2-48EB-AF44-C0FB51E45F2E}.Release|Win32.ActiveCfg = Release|Win32
		{1CCF9627-6AF2-48EB-AF44-C0FB51E45F2E}.Release|Win32.Build.0 = Release|Win32
		{1CCF9627-6AF2-48EB-AF44-C0FB51E45F2E}.Template|Win32.ActiveCfg = Release|Win32
		{1CCF9627-6AF2-48EB-AF44-C0FB51E45F2E}.Template|Win32.Build.0 = Release|Win32
		{7F848247-0B50-4112-B94D-DAAD071303B5}.Debug|Win32.ActiveCfg = Debug|Win32
		{7F848247-0B50-4112-B94D-DAAD071303B5}.Debug|Win32.Build.0 = Debug|Win32
		{7F848247-0B50-4112-B94D-DAAD071303B5}.Release|Win32.ActiveCfg = Release|Win32
		{7F848247-0B50-4112-B94D-DAAD071303B5}.Release|Win32.Build.0 = Release|Win32
		{7F848247-0B50-4112-B94D-DAAD071303B5}.Template|Win32.ActiveCfg = Release|Win32
		{7F848247-0B50-4112-B94D-DAAD071303B5}.Template|Win32.Build.0 = Release|Win32
		{1ED49249-E059-4E50-972C-88B23362C06C}.Debug|Win32.ActiveCfg = Debug|Win32
		{1ED49249-E059-4E50-972C-88B23362C06C}.Debug|Win32.Build.0 = Debug|Win32
		{1ED49249-E059-4E50-972C-88B23362C06C}.Release|Win32.ActiveCfg = Release|Win32
		{1ED49249-E059-4E50-972C-88B23362C06C}.Release|Win32.Build.0 = Release|Win32
		{1ED49249-E059-4E50-972C-88B23362C06C}.Template|Win32.ActiveCfg = Release|Win32
		{1ED49249-E059-4E50-972C-88B23362C06C}.Template|Win32.Build.0 = Release|Win32
	EndGlobalSection
	GlobalSection(SolutionProperties) = preSolution
		HideSolutionNode = FALSE
	EndGlobalSection
EndGlobal
