<?xml version="1.0" encoding="utf-8"?>
<Project ToolsVersion="4.0" xmlns="http://schemas.microsoft.com/developer/msbuild/2003">
  <ItemGroup>
    <Filter Include="Source Files">
      <UniqueIdentifier>{a4ab6ea4-6283-4489-8878-ae4338fec7cd}</UniqueIdentifier>
      <Extensions>cpp;c;cxx;rc;def;r;odl;idl;hpj;bat</Extensions>
    </Filter>
    <Filter Include="Header Files">
      <UniqueIdentifier>{d1188885-d631-4b4e-a4f1-4697404b0f0f}</UniqueIdentifier>
      <Extensions>h;hpp;hxx;hm;inl</Extensions>
    </Filter>
    <Filter Include="Resource Files">
      <UniqueIdentifier>{e017d416-d9b9-4727-be20-1aad58b5f494}</UniqueIdentifier>
      <Extensions>ico;cur;bmp;dlg;rc2;rct;bin;rgs;gif;jpg;jpeg;jpe</Extensions>
    </Filter>
  </ItemGroup>
  <ItemGroup>
    <ClCompile Include="CFolderList.cpp">
      <Filter>Source Files</Filter>
    </ClCompile>
    <ClCompile Include="CFolderTreeCtrl.cpp">
      <Filter>Source Files</Filter>
    </ClCompile>
    <ClCompile Include="DIALOG_FOLDERLIST.cpp">
      <Filter>Source Files</Filter>
    </ClCompile>
    <ClCompile Include="DIALOG_FOLDERTREE.cpp">
      <Filter>Source Files</Filter>
    </ClCompile>
    <ClCompile Include="sample.cpp">
      <Filter>Source Files</Filter>
    </ClCompile>
    <ClCompile Include="sampleDlg.cpp">
      <Filter>Source Files</Filter>
    </ClCompile>
    <ClCompile Include="StdAfx.cpp">
      <Filter>Source Files</Filter>
    </ClCompile>
  </ItemGroup>
  <ItemGroup>
    <ResourceCompile Include="sample.rc">
      <Filter>Source Files</Filter>
    </ResourceCompile>
  </ItemGroup>
  <ItemGroup>
    <ClInclude Include="CFolderList.h">
      <Filter>Header Files</Filter>
    </ClInclude>
    <ClInclude Include="CFolderTreeCtrl.h">
      <Filter>Header Files</Filter>
    </ClInclude>
    <ClInclude Include="DIALOG_FOLDERLIST.h">
      <Filter>Header Files</Filter>
    </ClInclude>
    <ClInclude Include="DIALOG_FOLDERTREE.h">
      <Filter>Header Files</Filter>
    </ClInclude>
    <ClInclude Include="Resource.h">
      <Filter>Header Files</Filter>
    </ClInclude>
    <ClInclude Include="sample.h">
      <Filter>Header Files</Filter>
    </ClInclude>
    <ClInclude Include="sampleDlg.h">
      <Filter>Header Files</Filter>
    </ClInclude>
    <ClInclude Include="StdAfx.h">
      <Filter>Header Files</Filter>
    </ClInclude>
  </ItemGroup>
  <ItemGroup>
    <Image Include="res\DRIVE_CDROM.ico">
      <Filter>Resource Files</Filter>
    </Image>
    <Image Include="res\DRIVE_FIXED.ico">
      <Filter>Resource Files</Filter>
    </Image>
    <Image Include="res\DRIVE_FLOPPY.ico">
      <Filter>Resource Files</Filter>
    </Image>
    <Image Include="res\DRIVE_REMOVABLE.ico">
      <Filter>Resource Files</Filter>
    </Image>
    <Image Include="res\FOLDER_CLOSE.ico">
      <Filter>Resource Files</Filter>
    </Image>
    <Image Include="res\FOLDER_OPEN.ico">
      <Filter>Resource Files</Filter>
    </Image>
    <Image Include="res\sample.ico">
      <Filter>Resource Files</Filter>
    </Image>
  </ItemGroup>
  <ItemGroup>
    <Text Include="ReadMe.txt" />
  </ItemGroup>
  <ItemGroup>
    <CustomBuild Include="res\sample.rc2">
      <Filter>Resource Files</Filter>
    </CustomBuild>
  </ItemGroup>
</Project>