<?xml version="1.0" encoding="utf-8"?>
<Project ToolsVersion="4.0" xmlns="http://schemas.microsoft.com/developer/msbuild/2003">
  <ItemGroup>
    <Filter Include="Source Files">
      <UniqueIdentifier>{a4b819c1-e4e5-4288-9270-894e04ab41ee}</UniqueIdentifier>
      <Extensions>cpp;c;cxx;rc;def;r;odl;idl;hpj;bat</Extensions>
    </Filter>
    <Filter Include="Header Files">
      <UniqueIdentifier>{9dd981ed-9e81-49bb-84d8-b2a9dc509cc5}</UniqueIdentifier>
      <Extensions>h;hpp;hxx;hm;inl</Extensions>
    </Filter>
    <Filter Include="Resource Files">
      <UniqueIdentifier>{73ae14d1-425b-40df-924f-ab404e218c91}</UniqueIdentifier>
      <Extensions>ico;cur;bmp;dlg;rc2;rct;bin;rgs;gif;jpg;jpeg;jpe</Extensions>
    </Filter>
  </ItemGroup>
  <ItemGroup>
    <ClCompile Include="CustomTabCtrlDlg.cpp">
      <Filter>Source Files</Filter>
    </ClCompile>
    <ClCompile Include="StdAfx.cpp">
      <Filter>Source Files</Filter>
    </ClCompile>
    <ClCompile Include="..\ThemeUtil.cpp">
      <Filter>Source Files</Filter>
    </ClCompile>
    <ClCompile Include="CustomTabCtrlBottomApp.cpp">
      <Filter>Source Files</Filter>
    </ClCompile>
    <ClCompile Include="..\CustomTabCtrl.cpp">
      <Filter>Source Files</Filter>
    </ClCompile>
  </ItemGroup>
  <ItemGroup>
    <ResourceCompile Include="CustomTabCtrlDlg.rc">
      <Filter>Source Files</Filter>
    </ResourceCompile>
  </ItemGroup>
  <ItemGroup>
    <ClInclude Include="CustomTabCtrlDlg.h">
      <Filter>Header Files</Filter>
    </ClInclude>
    <ClInclude Include="Resource.h">
      <Filter>Header Files</Filter>
    </ClInclude>
    <ClInclude Include="StdAfx.h">
      <Filter>Header Files</Filter>
    </ClInclude>
    <ClInclude Include="..\ThemeUtil.h">
      <Filter>Header Files</Filter>
    </ClInclude>
    <ClInclude Include="CustomTabCtrlBottomApp.h">
      <Filter>Header Files</Filter>
    </ClInclude>
    <ClInclude Include="..\CustomTabCtrl.h">
      <Filter>Header Files</Filter>
    </ClInclude>
  </ItemGroup>
  <ItemGroup>
    <Image Include="res\bitmap2.bmp">
      <Filter>Resource Files</Filter>
    </Image>
    <Image Include="res\CustomTabCtrl.ico">
      <Filter>Resource Files</Filter>
    </Image>
    <Image Include="res\CustomTabCtrlDlg.ico">
      <Filter>Resource Files</Filter>
    </Image>
  </ItemGroup>
  <ItemGroup>
    <Text Include="ReadMe.txt" />
  </ItemGroup>
  <ItemGroup>
    <CustomBuild Include="res\CustomTabCtrlDlg.rc2">
      <Filter>Resource Files</Filter>
    </CustomBuild>
    <CustomBuild Include="res\DRAGCOPY.CUR">
      <Filter>Resource Files</Filter>
    </CustomBuild>
    <CustomBuild Include="res\DRAGMOVE.CUR">
      <Filter>Resource Files</Filter>
    </CustomBuild>
  </ItemGroup>
</Project>